
Microsoft Visual Studio Solution File, Format Version 12.00
# Visual Studio Version 17
VisualStudioVersion = 17.0.31903.59
MinimumVisualStudioVersion = 10.0.40219.1
Project("{9A19103F-16F7-4668-BE54-9A1E7A4F7556}") = "OrdersService", "OrdersService\OrdersService.csproj", "{F6DBDF56-7884-4B40-8808-7D83A904D0C4}"
EndProject
Project("{9A19103F-16F7-4668-BE54-9A1E7A4F7556}") = "PaymentService", "PaymentService\PaymentService.csproj", "{3209E6C0-AAE0-4171-8566-3A4F2BDD71BE}"
EndProject
Project("{9A19103F-16F7-4668-BE54-9A1E7A4F7556}") = "DataAccess", "DataAccess\DataAccess.csproj", "{7108781D-30ED-4104-B42A-C4B04C687CC9}"
EndProject
Project("{E53339B2-1760-4266-BCC7-CA923CBCF16C}") = "docker-compose", "docker-compose.dcproj", "{7EED6A7C-F3B1-4DAA-8E1C-CE3855793629}"
EndProject
Project("{FAE04EC0-301F-11D3-BF4B-00C04F79EFBC}") = "ServiceDefaults", "ServiceDefaults\ServiceDefaults.csproj", "{BA125792-FA5F-4427-89F8-BF80042CB1A8}"
EndProject
Global
	GlobalSection(SolutionConfigurationPlatforms) = preSolution
		Debug|Any CPU = Debug|Any CPU
		Release|Any CPU = Release|Any CPU
	EndGlobalSection
	GlobalSection(ProjectConfigurationPlatforms) = postSolution
		{F6DBDF56-7884-4B40-8808-7D83A904D0C4}.Debug|Any CPU.ActiveCfg = Debug|Any CPU
		{F6DBDF56-7884-4B40-8808-7D83A904D0C4}.Debug|Any CPU.Build.0 = Debug|Any CPU
		{F6DBDF56-7884-4B40-8808-7D83A904D0C4}.Release|Any CPU.ActiveCfg = Release|Any CPU
		{F6DBDF56-7884-4B40-8808-7D83A904D0C4}.Release|Any CPU.Build.0 = Release|Any CPU
		{3209E6C0-AAE0-4171-8566-3A4F2BDD71BE}.Debug|Any CPU.ActiveCfg = Debug|Any CPU
		{3209E6C0-AAE0-4171-8566-3A4F2BDD71BE}.Debug|Any CPU.Build.0 = Debug|Any CPU
		{3209E6C0-AAE0-4171-8566-3A4F2BDD71BE}.Release|Any CPU.ActiveCfg = Release|Any CPU
		{3209E6C0-AAE0-4171-8566-3A4F2BDD71BE}.Release|Any CPU.Build.0 = Release|Any CPU
		{7108781D-30ED-4104-B42A-C4B04C687CC9}.Debug|Any CPU.ActiveCfg = Debug|Any CPU
		{7108781D-30ED-4104-B42A-C4B04C687CC9}.Debug|Any CPU.Build.0 = Debug|Any CPU
		{7108781D-30ED-4104-B42A-C4B04C687CC9}.Release|Any CPU.ActiveCfg = Release|Any CPU
		{7108781D-30ED-4104-B42A-C4B04C687CC9}.Release|Any CPU.Build.0 = Release|Any CPU
		{7EED6A7C-F3B1-4DAA-8E1C-CE3855793629}.Debug|Any CPU.ActiveCfg = Debug|Any CPU
		{7EED6A7C-F3B1-4DAA-8E1C-CE3855793629}.Debug|Any CPU.Build.0 = Debug|Any CPU
		{7EED6A7C-F3B1-4DAA-8E1C-CE3855793629}.Release|Any CPU.ActiveCfg = Release|Any CPU
		{7EED6A7C-F3B1-4DAA-8E1C-CE3855793629}.Release|Any CPU.Build.0 = Release|Any CPU
		{BA125792-FA5F-4427-89F8-BF80042CB1A8}.Debug|Any CPU.ActiveCfg = Debug|Any CPU
		{BA125792-FA5F-4427-89F8-BF80042CB1A8}.Debug|Any CPU.Build.0 = Debug|Any CPU
		{BA125792-FA5F-4427-89F8-BF80042CB1A8}.Release|Any CPU.ActiveCfg = Release|Any CPU
		{BA125792-FA5F-4427-89F8-BF80042CB1A8}.Release|Any CPU.Build.0 = Release|Any CPU
	EndGlobalSection
	GlobalSection(SolutionProperties) = preSolution
		HideSolutionNode = FALSE
	EndGlobalSection
EndGlobal
